
Microsoft Visual Studio Solution File, Format Version 12.00
# Visual Studio 15
VisualStudioVersion = 15.0.28307.1209
MinimumVisualStudioVersion = 10.0.40219.1
Project("{FAE04EC0-301F-11D3-BF4B-00C04F79EFBC}") = "POEBudgetPlan", "POEBudgetPlan\POEBudgetPlan.csproj", "{D21F97F2-C0F2-4F32-9E82-771501874B90}"
EndProject
Project("{FAE04EC0-301F-11D3-BF4B-00C04F79EFBC}") = "DataAccessLayer", "DataAccessLayer\DataAccessLayer.csproj", "{B5C0053B-027C-45E7-90F2-B86DDC5C4FF8}"
EndProject
Project("{FAE04EC0-301F-11D3-BF4B-00C04F79EFBC}") = "BusinessLogicLayer", "BusinessLogicLayer\BusinessLogicLayer.csproj", "{CBA7EDE1-5597-46E7-BD00-21B3F6D0F6AA}"
EndProject
Global
	GlobalSection(SolutionConfigurationPlatforms) = preSolution
		Debug|Any CPU = Debug|Any CPU
		Release|Any CPU = Release|Any CPU
	EndGlobalSection
	GlobalSection(ProjectConfigurationPlatforms) = postSolution
		{D21F97F2-C0F2-4F32-9E82-771501874B90}.Debug|Any CPU.ActiveCfg = Debug|Any CPU
		{D21F97F2-C0F2-4F32-9E82-771501874B90}.Debug|Any CPU.Build.0 = Debug|Any CPU
		{D21F97F2-C0F2-4F32-9E82-771501874B90}.Release|Any CPU.ActiveCfg = Release|Any CPU
		{D21F97F2-C0F2-4F32-9E82-771501874B90}.Release|Any CPU.Build.0 = Release|Any CPU
		{B5C0053B-027C-45E7-90F2-B86DDC5C4FF8}.Debug|Any CPU.ActiveCfg = Debug|Any CPU
		{B5C0053B-027C-45E7-90F2-B86DDC5C4FF8}.Debug|Any CPU.Build.0 = Debug|Any CPU
		{B5C0053B-027C-45E7-90F2-B86DDC5C4FF8}.Release|Any CPU.ActiveCfg = Release|Any CPU
		{B5C0053B-027C-45E7-90F2-B86DDC5C4FF8}.Release|Any CPU.Build.0 = Release|Any CPU
		{CBA7EDE1-5597-46E7-BD00-21B3F6D0F6AA}.Debug|Any CPU.ActiveCfg = Debug|Any CPU
		{CBA7EDE1-5597-46E7-BD00-21B3F6D0F6AA}.Debug|Any CPU.Build.0 = Debug|Any CPU
		{CBA7EDE1-5597-46E7-BD00-21B3F6D0F6AA}.Release|Any CPU.ActiveCfg = Release|Any CPU
		{CBA7EDE1-5597-46E7-BD00-21B3F6D0F6AA}.Release|Any CPU.Build.0 = Release|Any CPU
	EndGlobalSection
	GlobalSection(SolutionProperties) = preSolution
		HideSolutionNode = FALSE
	EndGlobalSection
	GlobalSection(ExtensibilityGlobals) = postSolution
		SolutionGuid = {18E4F03D-8F6E-4F20-8C9D-490CA95C0B57}
	EndGlobalSection
EndGlobal
